{
  "name": "seotests",
  "version": "1.0.0",
  "lockfileVersion": 1,
  "requires": true,
  "dependencies": {
    "@rhelements/cp-accordion": {
      "version": "0.0.12",
      "resolved": "https://registry.npmjs.org/@rhelements/cp-accordion/-/cp-accordion-0.0.12.tgz",
      "integrity": "sha512-pxbps0WSAlfSg03IU21H59mE3ukk02wLHMBioMlV7f+vtSEZs20o/V4RwOHPQG3GdbP2CBunQ0iu2zsBharTTw==",
      "requires": {
        "@rhelements/cp-accordion-heading": "0.0.13",
        "@rhelements/cp-accordion-panel": "0.0.8",
        "@rhelements/cp-sass": "0.0.9",
        "@rhelements/cp-styles": "0.0.10",
        "@rhelements/rhelement": "0.0.3"
      }
    },
    "@rhelements/cp-accordion-heading": {
      "version": "0.0.13",
      "resolved": "https://registry.npmjs.org/@rhelements/cp-accordion-heading/-/cp-accordion-heading-0.0.13.tgz",
      "integrity": "sha512-oI6aF84qtYcwrCSkLl6hCywN1k9yLkKLGhAysigXmWyKlQ4VnIBSI+Ai4KyKR/en0zwoKqxLGAwC6z5EHlwN8g==",
      "requires": {
        "@rhelements/cp-sass": "0.0.9",
        "@rhelements/cp-styles": "0.0.10",
        "@rhelements/rhelement": "0.0.3"
      }
    },
    "@rhelements/cp-accordion-panel": {
      "version": "0.0.8",
      "resolved": "https://registry.npmjs.org/@rhelements/cp-accordion-panel/-/cp-accordion-panel-0.0.8.tgz",
      "integrity": "sha512-jycNmm0AQQjzwtxUKmHllDmUkBzR2evme1RNU5FaWlGlUWPLg9rTiOv3QJxY4aZWwkvtHkIUENRKbG3yUrEzAw==",
      "requires": {
        "@rhelements/cp-sass": "0.0.9",
        "@rhelements/rhelement": "0.0.3"
      }
    },
    "@rhelements/cp-sass": {
      "version": "0.0.9",
      "resolved": "https://registry.npmjs.org/@rhelements/cp-sass/-/cp-sass-0.0.9.tgz",
      "integrity": "sha1-Ejac87zz9B1Akcb0tj29qb/XV6c=",
      "requires": {
        "breakpoint-sass": "2.7.1"
      }
    },
    "@rhelements/cp-styles": {
      "version": "0.0.10",
      "resolved": "https://registry.npmjs.org/@rhelements/cp-styles/-/cp-styles-0.0.10.tgz",
      "integrity": "sha512-kuK5juVxUtHfJ8rhXypsYNLYsSEMGEhgLehMYkMohTAOcYBGd8WPaUTTRs/Y/+adal839dZ40hjh99QtOd9Gsg==",
      "requires": {
        "@rhelements/cp-sass": "0.0.9",
        "@rhelements/rh-overpass": "0.1.4"
      }
    },
    "@rhelements/rh-overpass": {
      "version": "0.1.4",
      "resolved": "https://registry.npmjs.org/@rhelements/rh-overpass/-/rh-overpass-0.1.4.tgz",
      "integrity": "sha512-4aNP5E754yte4IsDv4Wl0aSbyx7nuVuMZe7NQBFxfIQgkmjBgsYoLUejT5ZkuT+KOANib3IhAv13rzJHr6FWyg==",
      "requires": {
        "rhelement-sass": "0.0.1"
      }
    },
    "@rhelements/rhelement": {
      "version": "0.0.3",
      "resolved": "https://registry.npmjs.org/@rhelements/rhelement/-/rhelement-0.0.3.tgz",
      "integrity": "sha512-bPKT5l7pUeKXyIhawCnMFbCSdVaBsaVOZsqfzc5BCtiZdxZhdYSToYxAu/pyW/ijCCcO6hd1PWZjV5ovRpOslQ=="
    },
    "breakpoint-sass": {
      "version": "2.7.1",
      "resolved": "https://registry.npmjs.org/breakpoint-sass/-/breakpoint-sass-2.7.1.tgz",
      "integrity": "sha1-jvbEdE3MJbqD2Wm2yaF+XaopmAo="
    },
    "rhelement-sass": {
      "version": "0.0.1",
      "resolved": "https://registry.npmjs.org/rhelement-sass/-/rhelement-sass-0.0.1.tgz",
      "integrity": "sha512-Nwcae5QwtRNgGYBJCU1ScFFxB3RzLSRGI1ktcNiBtbCZBVnU3GIpRVxcyi8On77IdJNnC0EpTN2hDje4tRCQqw=="
    }
  }
}
